github.com/blackjack/webcam v0.6.1 h1:K0T6Q0zto23U99gNAa5q/hFoye6uGcKr2aE6hFoxVoE=
github.com/blackjack/webcam v0.6.1/go.mod h1:zs+RkUZzqpFPHPiwBZ6U5B34ZXXe9i+SiHLKnnukJuI=
github.com/xplshn/a-utils v0.0.0-20250109162541-9d7de461c8ea h1:ZQyHkxwvNIGJ5iOBf+uN4RoBa6Q6f/7b7vAazrYZss0=
github.com/xplshn/a-utils v0.0.0-20250109162541-9d7de461c8ea/go.mod h1:3kGvKhATUZKwVNbYwfuCx1j/KqfxVX0R/1mlcMA1RNc=
golang.org/x/sys v0.29.0 h1:TPYlXGxvx1MGTn2GiZDhnjPA9wZzZeGKHHmKhHYvgaU=
golang.org/x/sys v0.29.0/go.mod h1:/VUhepiaJMQUp4+oa/7Zr1D23ma6VTLIYjOOTFZPUcA=
